
Microsoft Visual Studio Solution File, Format Version 12.00
Project("{2150E333-8FDC-42A3-9474-1A3956D46DE8}") = "src", "src", "{827E0CD3-B72D-47B6-A68D-7590B98EB39B}"
EndProject
Project("{FAE04EC0-301F-11D3-BF4B-00C04F79EFBC}") = "AppHost", "src\AppHost\AppHost.csproj", "{D91C8586-6D99-46C5-94C3-939FA9DBB5BF}"
EndProject
Project("{FAE04EC0-301F-11D3-BF4B-00C04F79EFBC}") = "Gateway", "src\Gateway\Gateway.csproj", "{29473C2E-3228-40A7-A026-6386A9B313C4}"
EndProject
Project("{FAE04EC0-301F-11D3-BF4B-00C04F79EFBC}") = "ServiceDefaults", "src\ServiceDefaults\ServiceDefaults.csproj", "{B4982B25-80DF-466A-B9AE-784F44442782}"
EndProject
Project("{FAE04EC0-301F-11D3-BF4B-00C04F79EFBC}") = "Catalog.Api", "src\Catalog\Catalog.Api\Catalog.Api.csproj", "{FDB4ED33-4369-4375-BA25-E43E561DDE51}"
EndProject
Project("{FAE04EC0-301F-11D3-BF4B-00C04F79EFBC}") = "Cart.Api", "src\Cart\Cart.Api\Cart.Api.csproj", "{3D547163-0A52-439B-B2EE-9FBACE1B4FD5}"
EndProject
Project("{FAE04EC0-301F-11D3-BF4B-00C04F79EFBC}") = "Orders.Api", "src\Orders\Orders.Api\Orders.Api.csproj", "{258B85CB-6668-4400-A3FD-2D59136907C9}"
EndProject
Project("{FAE04EC0-301F-11D3-BF4B-00C04F79EFBC}") = "Notifications.Worker", "src\Notifications\Notifications.Worker\Notifications.Worker.csproj", "{B09D2905-5D77-4DC3-90F8-A15A6D3AAFB9}"
EndProject
Project("{2150E333-8FDC-42A3-9474-1A3956D46DE8}") = "tests", "tests", "{0AB3BF05-4346-4AA6-1389-037BE0695223}"
EndProject
Project("{FAE04EC0-301F-11D3-BF4B-00C04F79EFBC}") = "Catalog.IntegrationTests", "tests\Catalog.IntegrationTests\Catalog.IntegrationTests.csproj", "{3E35F6C2-CA45-45AC-9E7D-A4E74E2717CE}"
EndProject
Project("{FAE04EC0-301F-11D3-BF4B-00C04F79EFBC}") = "Cart.IntegrationTests", "tests\Cart.IntegrationTests\Cart.IntegrationTests.csproj", "{2D44B2C7-631B-45B5-A21C-6A0AC3D282E8}"
EndProject
Project("{FAE04EC0-301F-11D3-BF4B-00C04F79EFBC}") = "Orders.IntegrationTests", "tests\Orders.IntegrationTests\Orders.IntegrationTests.csproj", "{9B70ABBC-3878-4AA5-ADAE-F72CFF2EDEF1}"
EndProject
Global
	GlobalSection(SolutionConfigurationPlatforms) = preSolution
		Debug|Any CPU = Debug|Any CPU
		Debug|x64 = Debug|x64
		Debug|x86 = Debug|x86
		Release|Any CPU = Release|Any CPU
		Release|x64 = Release|x64
		Release|x86 = Release|x86
	EndGlobalSection
	GlobalSection(ProjectConfigurationPlatforms) = postSolution
		{D91C8586-6D99-46C5-94C3-939FA9DBB5BF}.Debug|Any CPU.ActiveCfg = Debug|Any CPU
		{D91C8586-6D99-46C5-94C3-939FA9DBB5BF}.Debug|Any CPU.Build.0 = Debug|Any CPU
		{D91C8586-6D99-46C5-94C3-939FA9DBB5BF}.Debug|x64.ActiveCfg = Debug|Any CPU
		{D91C8586-6D99-46C5-94C3-939FA9DBB5BF}.Debug|x64.Build.0 = Debug|Any CPU
		{D91C8586-6D99-46C5-94C3-939FA9DBB5BF}.Debug|x86.ActiveCfg = Debug|Any CPU
		{D91C8586-6D99-46C5-94C3-939FA9DBB5BF}.Debug|x86.Build.0 = Debug|Any CPU
		{D91C8586-6D99-46C5-94C3-939FA9DBB5BF}.Release|Any CPU.ActiveCfg = Release|Any CPU
		{D91C8586-6D99-46C5-94C3-939FA9DBB5BF}.Release|Any CPU.Build.0 = Release|Any CPU
		{D91C8586-6D99-46C5-94C3-939FA9DBB5BF}.Release|x64.ActiveCfg = Release|Any CPU
		{D91C8586-6D99-46C5-94C3-939FA9DBB5BF}.Release|x64.Build.0 = Release|Any CPU
		{D91C8586-6D99-46C5-94C3-939FA9DBB5BF}.Release|x86.ActiveCfg = Release|Any CPU
		{D91C8586-6D99-46C5-94C3-939FA9DBB5BF}.Release|x86.Build.0 = Release|Any CPU
		{29473C2E-3228-40A7-A026-6386A9B313C4}.Debug|Any CPU.ActiveCfg = Debug|Any CPU
		{29473C2E-3228-40A7-A026-6386A9B313C4}.Debug|Any CPU.Build.0 = Debug|Any CPU
		{29473C2E-3228-40A7-A026-6386A9B313C4}.Debug|x64.ActiveCfg = Debug|Any CPU
		{29473C2E-3228-40A7-A026-6386A9B313C4}.Debug|x64.Build.0 = Debug|Any CPU
		{29473C2E-3228-40A7-A026-6386A9B313C4}.Debug|x86.ActiveCfg = Debug|Any CPU
		{29473C2E-3228-40A7-A026-6386A9B313C4}.Debug|x86.Build.0 = Debug|Any CPU
		{29473C2E-3228-40A7-A026-6386A9B313C4}.Release|Any CPU.ActiveCfg = Release|Any CPU
		{29473C2E-3228-40A7-A026-6386A9B313C4}.Release|Any CPU.Build.0 = Release|Any CPU
		{29473C2E-3228-40A7-A026-6386A9B313C4}.Release|x64.ActiveCfg = Release|Any CPU
		{29473C2E-3228-40A7-A026-6386A9B313C4}.Release|x64.Build.0 = Release|Any CPU
		{29473C2E-3228-40A7-A026-6386A9B313C4}.Release|x86.ActiveCfg = Release|Any CPU
		{29473C2E-3228-40A7-A026-6386A9B313C4}.Release|x86.Build.0 = Release|Any CPU
		{B4982B25-80DF-466A-B9AE-784F44442782}.Debug|Any CPU.ActiveCfg = Debug|Any CPU
		{B4982B25-80DF-466A-B9AE-784F44442782}.Debug|Any CPU.Build.0 = Debug|Any CPU
		{B4982B25-80DF-466A-B9AE-784F44442782}.Debug|x64.ActiveCfg = Debug|Any CPU
		{B4982B25-80DF-466A-B9AE-784F44442782}.Debug|x64.Build.0 = Debug|Any CPU
		{B4982B25-80DF-466A-B9AE-784F44442782}.Debug|x86.ActiveCfg = Debug|Any CPU
		{B4982B25-80DF-466A-B9AE-784F44442782}.Debug|x86.Build.0 = Debug|Any CPU
		{B4982B25-80DF-466A-B9AE-784F44442782}.Release|Any CPU.ActiveCfg = Release|Any CPU
		{B4982B25-80DF-466A-B9AE-784F44442782}.Release|Any CPU.Build.0 = Release|Any CPU
		{B4982B25-80DF-466A-B9AE-784F44442782}.Release|x64.ActiveCfg = Release|Any CPU
		{B4982B25-80DF-466A-B9AE-784F44442782}.Release|x64.Build.0 = Release|Any CPU
		{B4982B25-80DF-466A-B9AE-784F44442782}.Release|x86.ActiveCfg = Release|Any CPU
		{B4982B25-80DF-466A-B9AE-784F44442782}.Release|x86.Build.0 = Release|Any CPU
		{FDB4ED33-4369-4375-BA25-E43E561DDE51}.Debug|Any CPU.ActiveCfg = Debug|Any CPU
		{FDB4ED33-4369-4375-BA25-E43E561DDE51}.Debug|Any CPU.Build.0 = Debug|Any CPU
		{FDB4ED33-4369-4375-BA25-E43E561DDE51}.Debug|x64.ActiveCfg = Debug|Any CPU
		{FDB4ED33-4369-4375-BA25-E43E561DDE51}.Debug|x64.Build.0 = Debug|Any CPU
		{FDB4ED33-4369-4375-BA25-E43E561DDE51}.Debug|x86.ActiveCfg = Debug|Any CPU
		{FDB4ED33-4369-4375-BA25-E43E561DDE51}.Debug|x86.Build.0 = Debug|Any CPU
		{FDB4ED33-4369-4375-BA25-E43E561DDE51}.Release|Any CPU.ActiveCfg = Release|Any CPU
		{FDB4ED33-4369-4375-BA25-E43E561DDE51}.Release|Any CPU.Build.0 = Release|Any CPU
		{FDB4ED33-4369-4375-BA25-E43E561DDE51}.Release|x64.ActiveCfg = Release|Any CPU
		{FDB4ED33-4369-4375-BA25-E43E561DDE51}.Release|x64.Build.0 = Release|Any CPU
		{FDB4ED33-4369-4375-BA25-E43E561DDE51}.Release|x86.ActiveCfg = Release|Any CPU
		{FDB4ED33-4369-4375-BA25-E43E561DDE51}.Release|x86.Build.0 = Release|Any CPU
		{3D547163-0A52-439B-B2EE-9FBACE1B4FD5}.Debug|Any CPU.ActiveCfg = Debug|Any CPU
		{3D547163-0A52-439B-B2EE-9FBACE1B4FD5}.Debug|Any CPU.Build.0 = Debug|Any CPU
		{3D547163-0A52-439B-B2EE-9FBACE1B4FD5}.Debug|x64.ActiveCfg = Debug|Any CPU
		{3D547163-0A52-439B-B2EE-9FBACE1B4FD5}.Debug|x64.Build.0 = Debug|Any CPU
		{3D547163-0A52-439B-B2EE-9FBACE1B4FD5}.Debug|x86.ActiveCfg = Debug|Any CPU
		{3D547163-0A52-439B-B2EE-9FBACE1B4FD5}.Debug|x86.Build.0 = Debug|Any CPU
		{3D547163-0A52-439B-B2EE-9FBACE1B4FD5}.Release|Any CPU.ActiveCfg = Release|Any CPU
		{3D547163-0A52-439B-B2EE-9FBACE1B4FD5}.Release|Any CPU.Build.0 = Release|Any CPU
		{3D547163-0A52-439B-B2EE-9FBACE1B4FD5}.Release|x64.ActiveCfg = Release|Any CPU
		{3D547163-0A52-439B-B2EE-9FBACE1B4FD5}.Release|x64.Build.0 = Release|Any CPU
		{3D547163-0A52-439B-B2EE-9FBACE1B4FD5}.Release|x86.ActiveCfg = Release|Any CPU
		{3D547163-0A52-439B-B2EE-9FBACE1B4FD5}.Release|x86.Build.0 = Release|Any CPU
		{258B85CB-6668-4400-A3FD-2D59136907C9}.Debug|Any CPU.ActiveCfg = Debug|Any CPU
		{258B85CB-6668-4400-A3FD-2D59136907C9}.Debug|Any CPU.Build.0 = Debug|Any CPU
		{258B85CB-6668-4400-A3FD-2D59136907C9}.Debug|x64.ActiveCfg = Debug|Any CPU
		{258B85CB-6668-4400-A3FD-2D59136907C9}.Debug|x64.Build.0 = Debug|Any CPU
		{258B85CB-6668-4400-A3FD-2D59136907C9}.Debug|x86.ActiveCfg = Debug|Any CPU
		{258B85CB-6668-4400-A3FD-2D59136907C9}.Debug|x86.Build.0 = Debug|Any CPU
		{258B85CB-6668-4400-A3FD-2D59136907C9}.Release|Any CPU.ActiveCfg = Release|Any CPU
		{258B85CB-6668-4400-A3FD-2D59136907C9}.Release|Any CPU.Build.0 = Release|Any CPU
		{258B85CB-6668-4400-A3FD-2D59136907C9}.Release|x64.ActiveCfg = Release|Any CPU
		{258B85CB-6668-4400-A3FD-2D59136907C9}.Release|x64.Build.0 = Release|Any CPU
		{258B85CB-6668-4400-A3FD-2D59136907C9}.Release|x86.ActiveCfg = Release|Any CPU
		{258B85CB-6668-4400-A3FD-2D59136907C9}.Release|x86.Build.0 = Release|Any CPU
		{B09D2905-5D77-4DC3-90F8-A15A6D3AAFB9}.Debug|Any CPU.ActiveCfg = Debug|Any CPU
		{B09D2905-5D77-4DC3-90F8-A15A6D3AAFB9}.Debug|Any CPU.Build.0 = Debug|Any CPU
		{B09D2905-5D77-4DC3-90F8-A15A6D3AAFB9}.Debug|x64.ActiveCfg = Debug|Any CPU
		{B09D2905-5D77-4DC3-90F8-A15A6D3AAFB9}.Debug|x64.Build.0 = Debug|Any CPU
		{B09D2905-5D77-4DC3-90F8-A15A6D3AAFB9}.Debug|x86.ActiveCfg = Debug|Any CPU
		{B09D2905-5D77-4DC3-90F8-A15A6D3AAFB9}.Debug|x86.Build.0 = Debug|Any CPU
		{B09D2905-5D77-4DC3-90F8-A15A6D3AAFB9}.Release|Any CPU.ActiveCfg = Release|Any CPU
		{B09D2905-5D77-4DC3-90F8-A15A6D3AAFB9}.Release|Any CPU.Build.0 = Release|Any CPU
		{B09D2905-5D77-4DC3-90F8-A15A6D3AAFB9}.Release|x64.ActiveCfg = Release|Any CPU
		{B09D2905-5D77-4DC3-90F8-A15A6D3AAFB9}.Release|x64.Build.0 = Release|Any CPU
		{B09D2905-5D77-4DC3-90F8-A15A6D3AAFB9}.Release|x86.ActiveCfg = Release|Any CPU
		{B09D2905-5D77-4DC3-90F8-A15A6D3AAFB9}.Release|x86.Build.0 = Release|Any CPU
		{3E35F6C2-CA45-45AC-9E7D-A4E74E2717CE}.Debug|Any CPU.ActiveCfg = Debug|Any CPU
		{3E35F6C2-CA45-45AC-9E7D-A4E74E2717CE}.Debug|Any CPU.Build.0 = Debug|Any CPU
		{3E35F6C2-CA45-45AC-9E7D-A4E74E2717CE}.Debug|x64.ActiveCfg = Debug|Any CPU
		{3E35F6C2-CA45-45AC-9E7D-A4E74E2717CE}.Debug|x64.Build.0 = Debug|Any CPU
		{3E35F6C2-CA45-45AC-9E7D-A4E74E2717CE}.Debug|x86.ActiveCfg = Debug|Any CPU
		{3E35F6C2-CA45-45AC-9E7D-A4E74E2717CE}.Debug|x86.Build.0 = Debug|Any CPU
		{3E35F6C2-CA45-45AC-9E7D-A4E74E2717CE}.Release|Any CPU.ActiveCfg = Release|Any CPU
		{3E35F6C2-CA45-45AC-9E7D-A4E74E2717CE}.Release|Any CPU.Build.0 = Release|Any CPU
		{3E35F6C2-CA45-45AC-9E7D-A4E74E2717CE}.Release|x64.ActiveCfg = Release|Any CPU
		{3E35F6C2-CA45-45AC-9E7D-A4E74E2717CE}.Release|x64.Build.0 = Release|Any CPU
		{3E35F6C2-CA45-45AC-9E7D-A4E74E2717CE}.Release|x86.ActiveCfg = Release|Any CPU
		{3E35F6C2-CA45-45AC-9E7D-A4E74E2717CE}.Release|x86.Build.0 = Release|Any CPU
		{2D44B2C7-631B-45B5-A21C-6A0AC3D282E8}.Debug|Any CPU.ActiveCfg = Debug|Any CPU
		{2D44B2C7-631B-45B5-A21C-6A0AC3D282E8}.Debug|Any CPU.Build.0 = Debug|Any CPU
		{2D44B2C7-631B-45B5-A21C-6A0AC3D282E8}.Debug|x64.ActiveCfg = Debug|Any CPU
		{2D44B2C7-631B-45B5-A21C-6A0AC3D282E8}.Debug|x64.Build.0 = Debug|Any CPU
		{2D44B2C7-631B-45B5-A21C-6A0AC3D282E8}.Debug|x86.ActiveCfg = Debug|Any CPU
		{2D44B2C7-631B-45B5-A21C-6A0AC3D282E8}.Debug|x86.Build.0 = Debug|Any CPU
		{2D44B2C7-631B-45B5-A21C-6A0AC3D282E8}.Release|Any CPU.ActiveCfg = Release|Any CPU
		{2D44B2C7-631B-45B5-A21C-6A0AC3D282E8}.Release|Any CPU.Build.0 = Release|Any CPU
		{2D44B2C7-631B-45B5-A21C-6A0AC3D282E8}.Release|x64.ActiveCfg = Release|Any CPU
		{2D44B2C7-631B-45B5-A21C-6A0AC3D282E8}.Release|x64.Build.0 = Release|Any CPU
		{2D44B2C7-631B-45B5-A21C-6A0AC3D282E8}.Release|x86.ActiveCfg = Release|Any CPU
		{2D44B2C7-631B-45B5-A21C-6A0AC3D282E8}.Release|x86.Build.0 = Release|Any CPU
		{9B70ABBC-3878-4AA5-ADAE-F72CFF2EDEF1}.Debug|Any CPU.ActiveCfg = Debug|Any CPU
		{9B70ABBC-3878-4AA5-ADAE-F72CFF2EDEF1}.Debug|Any CPU.Build.0 = Debug|Any CPU
		{9B70ABBC-3878-4AA5-ADAE-F72CFF2EDEF1}.Debug|x64.ActiveCfg = Debug|Any CPU
		{9B70ABBC-3878-4AA5-ADAE-F72CFF2EDEF1}.Debug|x64.Build.0 = Debug|Any CPU
		{9B70ABBC-3878-4AA5-ADAE-F72CFF2EDEF1}.Debug|x86.ActiveCfg = Debug|Any CPU
		{9B70ABBC-3878-4AA5-ADAE-F72CFF2EDEF1}.Debug|x86.Build.0 = Debug|Any CPU
		{9B70ABBC-3878-4AA5-ADAE-F72CFF2EDEF1}.Release|Any CPU.ActiveCfg = Release|Any CPU
		{9B70ABBC-3878-4AA5-ADAE-F72CFF2EDEF1}.Release|Any CPU.Build.0 = Release|Any CPU
		{9B70ABBC-3878-4AA5-ADAE-F72CFF2EDEF1}.Release|x64.ActiveCfg = Release|Any CPU
		{9B70ABBC-3878-4AA5-ADAE-F72CFF2EDEF1}.Release|x64.Build.0 = Release|Any CPU
		{9B70ABBC-3878-4AA5-ADAE-F72CFF2EDEF1}.Release|x86.ActiveCfg = Release|Any CPU
		{9B70ABBC-3878-4AA5-ADAE-F72CFF2EDEF1}.Release|x86.Build.0 = Release|Any CPU
	EndGlobalSection
	GlobalSection(SolutionProperties) = preSolution
		HideSolutionNode = FALSE
	EndGlobalSection
	GlobalSection(NestedProjects) = preSolution
		{D91C8586-6D99-46C5-94C3-939FA9DBB5BF} = {827E0CD3-B72D-47B6-A68D-7590B98EB39B}
		{29473C2E-3228-40A7-A026-6386A9B313C4} = {827E0CD3-B72D-47B6-A68D-7590B98EB39B}
		{B4982B25-80DF-466A-B9AE-784F44442782} = {827E0CD3-B72D-47B6-A68D-7590B98EB39B}
		{FDB4ED33-4369-4375-BA25-E43E561DDE51} = {827E0CD3-B72D-47B6-A68D-7590B98EB39B}
		{3D547163-0A52-439B-B2EE-9FBACE1B4FD5} = {827E0CD3-B72D-47B6-A68D-7590B98EB39B}
		{258B85CB-6668-4400-A3FD-2D59136907C9} = {827E0CD3-B72D-47B6-A68D-7590B98EB39B}
		{B09D2905-5D77-4DC3-90F8-A15A6D3AAFB9} = {827E0CD3-B72D-47B6-A68D-7590B98EB39B}
		{3E35F6C2-CA45-45AC-9E7D-A4E74E2717CE} = {0AB3BF05-4346-4AA6-1389-037BE0695223}
		{2D44B2C7-631B-45B5-A21C-6A0AC3D282E8} = {0AB3BF05-4346-4AA6-1389-037BE0695223}
		{9B70ABBC-3878-4AA5-ADAE-F72CFF2EDEF1} = {0AB3BF05-4346-4AA6-1389-037BE0695223}
	EndGlobalSection
EndGlobal
